// !$*UTF8*$!
{
	archiveVersion = 1;
	classes = {
	};
	objectVersion = 46;
	objects = {

/* Begin PBXBuildFile section */
		4C28758AAE2E8493C053DF2F /* SearchResultsFromAPI.swift in Sources */ = {isa = PBXBuildFile; fileRef = 4C28727CD31EF48441364D53 /* SearchResultsFromAPI.swift */; };
		4C287985C21B6E80910BCEFA /* FlickrSearchResult.swift in Sources */ = {isa = PBXBuildFile; fileRef = 4C287275C4782BB0A08CC908 /* FlickrSearchResult.swift */; };
		7E90673FA5BF9590D474FC9F /* Pods_WeatherTest.framework in Frameworks */ = {isa = PBXBuildFile; fileRef = CF47A6AB62D8E60944C3CC13 /* Pods_WeatherTest.framework */; };
		FD1F86761F78245A004405EF /* AppDelegate.swift in Sources */ = {isa = PBXBuildFile; fileRef = FD1F86751F78245A004405EF /* AppDelegate.swift */; };
		FD1F86781F78245A004405EF /* ViewController.swift in Sources */ = {isa = PBXBuildFile; fileRef = FD1F86771F78245A004405EF /* ViewController.swift */; };
		FD1F867B1F78245A004405EF /* Main.storyboard in Resources */ = {isa = PBXBuildFile; fileRef = FD1F86791F78245A004405EF /* Main.storyboard */; };
		FD1F867D1F78245A004405EF /* Assets.xcassets in Resources */ = {isa = PBXBuildFile; fileRef = FD1F867C1F78245A004405EF /* Assets.xcassets */; };
		FD1F86801F78245A004405EF /* LaunchScreen.storyboard in Resources */ = {isa = PBXBuildFile; fileRef = FD1F867E1F78245A004405EF /* LaunchScreen.storyboard */; };
		FD1F86881F78292C004405EF /* WheatherCell.swift in Sources */ = {isa = PBXBuildFile; fileRef = FD1F86871F78292C004405EF /* WheatherCell.swift */; };
		FD78591E1F782CDB0010BB39 /* JSONIconImage.swift in Sources */ = {isa = PBXBuildFile; fileRef = FD78591D1F782CDB0010BB39 /* JSONIconImage.swift */; };
		FD7859221F782CFD0010BB39 /* ObservableImage.swift in Sources */ = {isa = PBXBuildFile; fileRef = FD7859211F782CFD0010BB39 /* ObservableImage.swift */; };
		FD7859241F782F570010BB39 /* AnyURLTarget.swift in Sources */ = {isa = PBXBuildFile; fileRef = FD7859231F782F570010BB39 /* AnyURLTarget.swift */; };
		FD7859261F782FD10010BB39 /* UnknownError.swift in Sources */ = {isa = PBXBuildFile; fileRef = FD7859251F782FD10010BB39 /* UnknownError.swift */; };
		FD7859281F7832D00010BB39 /* StandardSectionModel.swift in Sources */ = {isa = PBXBuildFile; fileRef = FD7859271F7832D00010BB39 /* StandardSectionModel.swift */; };
		FD78592A1F78335B0010BB39 /* WeatherForecasts.swift in Sources */ = {isa = PBXBuildFile; fileRef = FD7859291F78335B0010BB39 /* WeatherForecasts.swift */; };
		FD78592C1F7833E80010BB39 /* WeatherForecast.swift in Sources */ = {isa = PBXBuildFile; fileRef = FD78592B1F7833E80010BB39 /* WeatherForecast.swift */; };
		FD78592E1F783AAC0010BB39 /* WeatherForecastsFromAPI.swift in Sources */ = {isa = PBXBuildFile; fileRef = FD78592D1F783AAC0010BB39 /* WeatherForecastsFromAPI.swift */; };
		FD7859301F783D3A0010BB39 /* JSONWeatherForecast.swift in Sources */ = {isa = PBXBuildFile; fileRef = FD78592F1F783D3A0010BB39 /* JSONWeatherForecast.swift */; };
		FD7859321F7859620010BB39 /* ImageFromFlickr.swift in Sources */ = {isa = PBXBuildFile; fileRef = FD7859311F7859620010BB39 /* ImageFromFlickr.swift */; };
		FD7859341F787E210010BB39 /* Alamofire.framework in Frameworks */ = {isa = PBXBuildFile; fileRef = FD7859331F787E210010BB39 /* Alamofire.framework */; };
/* End PBXBuildFile section */

/* Begin PBXFileReference section */
		1D88F8A14A45C511AE2CEE9C /* Pods-WeatherTest.release.xcconfig */ = {isa = PBXFileReference; includeInIndex = 1; lastKnownFileType = text.xcconfig; name = "Pods-WeatherTest.release.xcconfig"; path = "Pods/Target Support Files/Pods-WeatherTest/Pods-WeatherTest.release.xcconfig"; sourceTree = "<group>"; };
		4C287275C4782BB0A08CC908 /* FlickrSearchResult.swift */ = {isa = PBXFileReference; fileEncoding = 4; lastKnownFileType = sourcecode.swift; path = FlickrSearchResult.swift; sourceTree = "<group>"; };
		4C28727CD31EF48441364D53 /* SearchResultsFromAPI.swift */ = {isa = PBXFileReference; fileEncoding = 4; lastKnownFileType = sourcecode.swift; path = SearchResultsFromAPI.swift; sourceTree = "<group>"; };
		5E5F1E916E0A7EED22335160 /* Pods-WeatherTest.debug.xcconfig */ = {isa = PBXFileReference; includeInIndex = 1; lastKnownFileType = text.xcconfig; name = "Pods-WeatherTest.debug.xcconfig"; path = "Pods/Target Support Files/Pods-WeatherTest/Pods-WeatherTest.debug.xcconfig"; sourceTree = "<group>"; };
		CF47A6AB62D8E60944C3CC13 /* Pods_WeatherTest.framework */ = {isa = PBXFileReference; explicitFileType = wrapper.framework; includeInIndex = 0; path = Pods_WeatherTest.framework; sourceTree = BUILT_PRODUCTS_DIR; };
		FD1F86721F78245A004405EF /* WeatherTest.app */ = {isa = PBXFileReference; explicitFileType = wrapper.application; includeInIndex = 0; path = WeatherTest.app; sourceTree = BUILT_PRODUCTS_DIR; };
		FD1F86751F78245A004405EF /* AppDelegate.swift */ = {isa = PBXFileReference; lastKnownFileType = sourcecode.swift; path = AppDelegate.swift; sourceTree = "<group>"; };
		FD1F86771F78245A004405EF /* ViewController.swift */ = {isa = PBXFileReference; lastKnownFileType = sourcecode.swift; path = ViewController.swift; sourceTree = "<group>"; };
		FD1F867A1F78245A004405EF /* Base */ = {isa = PBXFileReference; lastKnownFileType = file.storyboard; name = Base; path = Base.lproj/Main.storyboard; sourceTree = "<group>"; };
		FD1F867C1F78245A004405EF /* Assets.xcassets */ = {isa = PBXFileReference; lastKnownFileType = folder.assetcatalog; path = Assets.xcassets; sourceTree = "<group>"; };
		FD1F867F1F78245A004405EF /* Base */ = {isa = PBXFileReference; lastKnownFileType = file.storyboard; name = Base; path = Base.lproj/LaunchScreen.storyboard; sourceTree = "<group>"; };
		FD1F86811F78245A004405EF /* Info.plist */ = {isa = PBXFileReference; lastKnownFileType = text.plist.xml; path = Info.plist; sourceTree = "<group>"; };
		FD1F86871F78292C004405EF /* WheatherCell.swift */ = {isa = PBXFileReference; fileEncoding = 4; lastKnownFileType = sourcecode.swift; path = WheatherCell.swift; sourceTree = "<group>"; };
		FD78591D1F782CDB0010BB39 /* JSONIconImage.swift */ = {isa = PBXFileReference; fileEncoding = 4; lastKnownFileType = sourcecode.swift; path = JSONIconImage.swift; sourceTree = "<group>"; };
		FD7859211F782CFD0010BB39 /* ObservableImage.swift */ = {isa = PBXFileReference; fileEncoding = 4; lastKnownFileType = sourcecode.swift; path = ObservableImage.swift; sourceTree = "<group>"; };
		FD7859231F782F570010BB39 /* AnyURLTarget.swift */ = {isa = PBXFileReference; fileEncoding = 4; lastKnownFileType = sourcecode.swift; path = AnyURLTarget.swift; sourceTree = "<group>"; };
		FD7859251F782FD10010BB39 /* UnknownError.swift */ = {isa = PBXFileReference; fileEncoding = 4; lastKnownFileType = sourcecode.swift; path = UnknownError.swift; sourceTree = "<group>"; };
		FD7859271F7832D00010BB39 /* StandardSectionModel.swift */ = {isa = PBXFileReference; fileEncoding = 4; lastKnownFileType = sourcecode.swift; path = StandardSectionModel.swift; sourceTree = "<group>"; };
		FD7859291F78335B0010BB39 /* WeatherForecasts.swift */ = {isa = PBXFileReference; fileEncoding = 4; lastKnownFileType = sourcecode.swift; path = WeatherForecasts.swift; sourceTree = "<group>"; };
		FD78592B1F7833E80010BB39 /* WeatherForecast.swift */ = {isa = PBXFileReference; fileEncoding = 4; lastKnownFileType = sourcecode.swift; path = WeatherForecast.swift; sourceTree = "<group>"; };
		FD78592D1F783AAC0010BB39 /* WeatherForecastsFromAPI.swift */ = {isa = PBXFileReference; fileEncoding = 4; lastKnownFileType = sourcecode.swift; path = WeatherForecastsFromAPI.swift; sourceTree = "<group>"; };
		FD78592F1F783D3A0010BB39 /* JSONWeatherForecast.swift */ = {isa = PBXFileReference; fileEncoding = 4; lastKnownFileType = sourcecode.swift; path = JSONWeatherForecast.swift; sourceTree = "<group>"; };
		FD7859311F7859620010BB39 /* ImageFromFlickr.swift */ = {isa = PBXFileReference; fileEncoding = 4; lastKnownFileType = sourcecode.swift; path = ImageFromFlickr.swift; sourceTree = "<group>"; };
		FD7859331F787E210010BB39 /* Alamofire.framework */ = {isa = PBXFileReference; lastKnownFileType = wrapper.framework; name = Alamofire.framework; path = "../../../Library/Developer/Xcode/DerivedData/WeatherTest-demhkramgefsnhcfgtmpdabiwios/Build/Products/Debug-iphonesimulator/Alamofire/Alamofire.framework"; sourceTree = "<group>"; };
/* End PBXFileReference section */

/* Begin PBXFrameworksBuildPhase section */
		FD1F866F1F78245A004405EF /* Frameworks */ = {
			isa = PBXFrameworksBuildPhase;
			buildActionMask = 2147483647;
			files = (
				FD7859341F787E210010BB39 /* Alamofire.framework in Frameworks */,
				7E90673FA5BF9590D474FC9F /* Pods_WeatherTest.framework in Frameworks */,
			);
			runOnlyForDeploymentPostprocessing = 0;
		};
/* End PBXFrameworksBuildPhase section */

/* Begin PBXGroup section */
		C942E9CF22D53F2655693FCD /* Pods */ = {
			isa = PBXGroup;
			children = (
				5E5F1E916E0A7EED22335160 /* Pods-WeatherTest.debug.xcconfig */,
				1D88F8A14A45C511AE2CEE9C /* Pods-WeatherTest.release.xcconfig */,
			);
			name = Pods;
			sourceTree = "<group>";
		};
		CF6248CDF363AB11F15C2522 /* Frameworks */ = {
			isa = PBXGroup;
			children = (
				FD7859331F787E210010BB39 /* Alamofire.framework */,
				CF47A6AB62D8E60944C3CC13 /* Pods_WeatherTest.framework */,
			);
			name = Frameworks;
			sourceTree = "<group>";
		};
		FD1F86691F78245A004405EF = {
			isa = PBXGroup;
			children = (
				FD1F86741F78245A004405EF /* WeatherTest */,
				FD1F86731F78245A004405EF /* Products */,
				C942E9CF22D53F2655693FCD /* Pods */,
				CF6248CDF363AB11F15C2522 /* Frameworks */,
			);
			sourceTree = "<group>";
		};
		FD1F86731F78245A004405EF /* Products */ = {
			isa = PBXGroup;
			children = (
				FD1F86721F78245A004405EF /* WeatherTest.app */,
			);
			name = Products;
			sourceTree = "<group>";
		};
		FD1F86741F78245A004405EF /* WeatherTest */ = {
			isa = PBXGroup;
			children = (
				FD7859271F7832D00010BB39 /* StandardSectionModel.swift */,
				FD1F86751F78245A004405EF /* AppDelegate.swift */,
				FD1F86771F78245A004405EF /* ViewController.swift */,
				FD1F86791F78245A004405EF /* Main.storyboard */,
				FD78592D1F783AAC0010BB39 /* WeatherForecastsFromAPI.swift */,
				FD7859231F782F570010BB39 /* AnyURLTarget.swift */,
				FD7859251F782FD10010BB39 /* UnknownError.swift */,
				FD78591D1F782CDB0010BB39 /* JSONIconImage.swift */,
				FD7859311F7859620010BB39 /* ImageFromFlickr.swift */,
				FD7859211F782CFD0010BB39 /* ObservableImage.swift */,
				FD1F86871F78292C004405EF /* WheatherCell.swift */,
				FD78592B1F7833E80010BB39 /* WeatherForecast.swift */,
				FD78592F1F783D3A0010BB39 /* JSONWeatherForecast.swift */,
				FD7859291F78335B0010BB39 /* WeatherForecasts.swift */,
				FD1F867C1F78245A004405EF /* Assets.xcassets */,
				FD1F867E1F78245A004405EF /* LaunchScreen.storyboard */,
				FD1F86811F78245A004405EF /* Info.plist */,
				4C287275C4782BB0A08CC908 /* FlickrSearchResult.swift */,
				4C28727CD31EF48441364D53 /* SearchResultsFromAPI.swift */,
			);
			path = WeatherTest;
			sourceTree = "<group>";
		};
/* End PBXGroup section */

/* Begin PBXNativeTarget section */
		FD1F86711F78245A004405EF /* WeatherTest */ = {
			isa = PBXNativeTarget;
			buildConfigurationList = FD1F86841F78245A004405EF /* Build configuration list for PBXNativeTarget "WeatherTest" */;
			buildPhases = (
				A29EAFB0E04B74328BBA276D /* [CP] Check Pods Manifest.lock */,
				FD1F866E1F78245A004405EF /* Sources */,
				FD1F866F1F78245A004405EF /* Frameworks */,
				FD1F86701F78245A004405EF /* Resources */,
				A3DFF302B7D0472E615DECEC /* [CP] Embed Pods Frameworks */,
				1B01F3FB11F40E2BBA382F52 /* [CP] Copy Pods Resources */,
			);
			buildRules = (
			);
			dependencies = (
			);
			name = WeatherTest;
			productName = WeatherTest;
			productReference = FD1F86721F78245A004405EF /* WeatherTest.app */;
			productType = "com.apple.product-type.application";
		};
/* End PBXNativeTarget section */

/* Begin PBXProject section */
		FD1F866A1F78245A004405EF /* Project object */ = {
			isa = PBXProject;
			attributes = {
				LastSwiftUpdateCheck = 0830;
				LastUpgradeCheck = 0830;
				ORGANIZATIONNAME = Jufy;
				TargetAttributes = {
					FD1F86711F78245A004405EF = {
						CreatedOnToolsVersion = 8.3.3;
						DevelopmentTeam = 262F459V52;
						ProvisioningStyle = Automatic;
					};
				};
			};
			buildConfigurationList = FD1F866D1F78245A004405EF /* Build configuration list for PBXProject "WeatherTest" */;
			compatibilityVersion = "Xcode 3.2";
			developmentRegion = English;
			hasScannedForEncodings = 0;
			knownRegions = (
				en,
				Base,
			);
			mainGroup = FD1F86691F78245A004405EF;
			productRefGroup = FD1F86731F78245A004405EF /* Products */;
			projectDirPath = "";
			projectRoot = "";
			targets = (
				FD1F86711F78245A004405EF /* WeatherTest */,
			);
		};
/* End PBXProject section */

/* Begin PBXResourcesBuildPhase section */
		FD1F86701F78245A004405EF /* Resources */ = {
			isa = PBXResourcesBuildPhase;
			buildActionMask = 2147483647;
			files = (
				FD1F86801F78245A004405EF /* LaunchScreen.storyboard in Resources */,
				FD1F867D1F78245A004405EF /* Assets.xcassets in Resources */,
				FD1F867B1F78245A004405EF /* Main.storyboard in Resources */,
			);
			runOnlyForDeploymentPostprocessing = 0;
		};
/* End PBXResourcesBuildPhase section */

/* Begin PBXShellScriptBuildPhase section */
		1B01F3FB11F40E2BBA382F52 /* [CP] Copy Pods Resources */ = {
			isa = PBXShellScriptBuildPhase;
			buildActionMask = 2147483647;
			files = (
			);
			inputPaths = (
			);
			name = "[CP] Copy Pods Resources";
			outputPaths = (
			);
			runOnlyForDeploymentPostprocessing = 0;
			shellPath = /bin/sh;
			shellScript = "\"${SRCROOT}/Pods/Target Support Files/Pods-WeatherTest/Pods-WeatherTest-resources.sh\"\n";
			showEnvVarsInLog = 0;
		};
		A29EAFB0E04B74328BBA276D /* [CP] Check Pods Manifest.lock */ = {
			isa = PBXShellScriptBuildPhase;
			buildActionMask = 2147483647;
			files = (
			);
			inputPaths = (
				"${PODS_PODFILE_DIR_PATH}/Podfile.lock",
				"${PODS_ROOT}/Manifest.lock",
			);
			name = "[CP] Check Pods Manifest.lock";
			outputPaths = (
				"$(DERIVED_FILE_DIR)/Pods-WeatherTest-checkManifestLockResult.txt",
			);
			runOnlyForDeploymentPostprocessing = 0;
			shellPath = /bin/sh;
			shellScript = "diff \"${PODS_PODFILE_DIR_PATH}/Podfile.lock\" \"${PODS_ROOT}/Manifest.lock\" > /dev/null\nif [ $? != 0 ] ; then\n    # print error to STDERR\n    echo \"error: The sandbox is not in sync with the Podfile.lock. Run 'pod install' or update your CocoaPods installation.\" >&2\n    exit 1\nfi\n# This output is used by Xcode 'outputs' to avoid re-running this script phase.\necho \"SUCCESS\" > \"${SCRIPT_OUTPUT_FILE_0}\"\n";
			showEnvVarsInLog = 0;
		};
		A3DFF302B7D0472E615DECEC /* [CP] Embed Pods Frameworks */ = {
			isa = PBXShellScriptBuildPhase;
			buildActionMask = 2147483647;
			files = (
			);
			inputPaths = (
				"${SRCROOT}/Pods/Target Support Files/Pods-WeatherTest/Pods-WeatherTest-frameworks.sh",
				"${BUILT_PRODUCTS_DIR}/Alamofire/Alamofire.framework",
				"${BUILT_PRODUCTS_DIR}/Moya/Moya.framework",
				"${BUILT_PRODUCTS_DIR}/Moya-ObjectMapper/Moya_ObjectMapper.framework",
				"${BUILT_PRODUCTS_DIR}/ObjectMapper/ObjectMapper.framework",
				"${BUILT_PRODUCTS_DIR}/Result/Result.framework",
				"${BUILT_PRODUCTS_DIR}/RxCocoa/RxCocoa.framework",
				"${BUILT_PRODUCTS_DIR}/RxDataSources/RxDataSources.framework",
				"${BUILT_PRODUCTS_DIR}/RxSwift/RxSwift.framework",
				"${BUILT_PRODUCTS_DIR}/SnapKit/SnapKit.framework",
			);
			name = "[CP] Embed Pods Frameworks";
			outputPaths = (
				"${TARGET_BUILD_DIR}/${FRAMEWORKS_FOLDER_PATH}/Alamofire.framework",
				"${TARGET_BUILD_DIR}/${FRAMEWORKS_FOLDER_PATH}/Moya.framework",
				"${TARGET_BUILD_DIR}/${FRAMEWORKS_FOLDER_PATH}/Moya_ObjectMapper.framework",
				"${TARGET_BUILD_DIR}/${FRAMEWORKS_FOLDER_PATH}/ObjectMapper.framework",
				"${TARGET_BUILD_DIR}/${FRAMEWORKS_FOLDER_PATH}/Result.framework",
				"${TARGET_BUILD_DIR}/${FRAMEWORKS_FOLDER_PATH}/RxCocoa.framework",
				"${TARGET_BUILD_DIR}/${FRAMEWORKS_FOLDER_PATH}/RxDataSources.framework",
				"${TARGET_BUILD_DIR}/${FRAMEWORKS_FOLDER_PATH}/RxSwift.framework",
				"${TARGET_BUILD_DIR}/${FRAMEWORKS_FOLDER_PATH}/SnapKit.framework",
			);
			runOnlyForDeploymentPostprocessing = 0;
			shellPath = /bin/sh;
			shellScript = "\"${SRCROOT}/Pods/Target Support Files/Pods-WeatherTest/Pods-WeatherTest-frameworks.sh\"\n";
			showEnvVarsInLog = 0;
		};
/* End PBXShellScriptBuildPhase section */

/* Begin PBXSourcesBuildPhase section */
		FD1F866E1F78245A004405EF /* Sources */ = {
			isa = PBXSourcesBuildPhase;
			buildActionMask = 2147483647;
			files = (
				FD7859221F782CFD0010BB39 /* ObservableImage.swift in Sources */,
				FD7859301F783D3A0010BB39 /* JSONWeatherForecast.swift in Sources */,
				FD78592C1F7833E80010BB39 /* WeatherForecast.swift in Sources */,
				FD1F86781F78245A004405EF /* ViewController.swift in Sources */,
				FD1F86761F78245A004405EF /* AppDelegate.swift in Sources */,
				FD7859321F7859620010BB39 /* ImageFromFlickr.swift in Sources */,
				FD78592E1F783AAC0010BB39 /* WeatherForecastsFromAPI.swift in Sources */,
				FD1F86881F78292C004405EF /* WheatherCell.swift in Sources */,
				FD78592A1F78335B0010BB39 /* WeatherForecasts.swift in Sources */,
				FD7859281F7832D00010BB39 /* StandardSectionModel.swift in Sources */,
				FD7859261F782FD10010BB39 /* UnknownError.swift in Sources */,
				FD78591E1F782CDB0010BB39 /* JSONIconImage.swift in Sources */,
				FD7859241F782F570010BB39 /* AnyURLTarget.swift in Sources */,
				4C287985C21B6E80910BCEFA /* FlickrSearchResult.swift in Sources */,
				4C28758AAE2E8493C053DF2F /* SearchResultsFromAPI.swift in Sources */,
			);
			runOnlyForDeploymentPostprocessing = 0;
		};
/* End PBXSourcesBuildPhase section */

/* Begin PBXVariantGroup section */
		FD1F86791F78245A004405EF /* Main.storyboard */ = {
			isa = PBXVariantGroup;
			children = (
				FD1F867A1F78245A004405EF /* Base */,
			);
			name = Main.storyboard;
			sourceTree = "<group>";
		};
		FD1F867E1F78245A004405EF /* LaunchScreen.storyboard */ = {
			isa = PBXVariantGroup;
			children = (
				FD1F867F1F78245A004405EF /* Base */,
			);
			name = LaunchScreen.storyboard;
			sourceTree = "<group>";
		};
/* End PBXVariantGroup section */

/* Begin XCBuildConfiguration section */
		FD1F86821F78245A004405EF /* Debug */ = {
			isa = XCBuildConfiguration;
			buildSettings = {
				ALWAYS_SEARCH_USER_PATHS = NO;
				CLANG_ANALYZER_NONNULL = YES;
				CLANG_ANALYZER_NUMBER_OBJECT_CONVERSION = YES_AGGRESSIVE;
				CLANG_CXX_LANGUAGE_STANDARD = "gnu++0x";
				CLANG_CXX_LIBRARY = "libc++";
				CLANG_ENABLE_MODULES = YES;
				CLANG_ENABLE_OBJC_ARC = YES;
				CLANG_WARN_BOOL_CONVERSION = YES;
				CLANG_WARN_CONSTANT_CONVERSION = YES;
				CLANG_WARN_DIRECT_OBJC_ISA_USAGE = YES_ERROR;
				CLANG_WARN_DOCUMENTATION_COMMENTS = YES;
				CLANG_WARN_EMPTY_BODY = YES;
				CLANG_WARN_ENUM_CONVERSION = YES;
				CLANG_WARN_INFINITE_RECURSION = YES;
				CLANG_WARN_INT_CONVERSION = YES;
				CLANG_WARN_OBJC_ROOT_CLASS = YES_ERROR;
				CLANG_WARN_SUSPICIOUS_MOVE = YES;
				CLANG_WARN_UNREACHABLE_CODE = YES;
				CLANG_WARN__DUPLICATE_METHOD_MATCH = YES;
				"CODE_SIGN_IDENTITY[sdk=iphoneos*]" = "iPhone Developer";
				COPY_PHASE_STRIP = NO;
				DEBUG_INFORMATION_FORMAT = dwarf;
				ENABLE_STRICT_OBJC_MSGSEND = YES;
				ENABLE_TESTABILITY = YES;
				GCC_C_LANGUAGE_STANDARD = gnu99;
				GCC_DYNAMIC_NO_PIC = NO;
				GCC_NO_COMMON_BLOCKS = YES;
				GCC_OPTIMIZATION_LEVEL = 0;
				GCC_PREPROCESSOR_DEFINITIONS = (
					"DEBUG=1",
					"$(inherited)",
				);
				GCC_WARN_64_TO_32_BIT_CONVERSION = YES;
				GCC_WARN_ABOUT_RETURN_TYPE = YES_ERROR;
				GCC_WARN_UNDECLARED_SELECTOR = YES;
				GCC_WARN_UNINITIALIZED_AUTOS = YES_AGGRESSIVE;
				GCC_WARN_UNUSED_FUNCTION = YES;
				GCC_WARN_UNUSED_VARIABLE = YES;
				IPHONEOS_DEPLOYMENT_TARGET = 10.3;
				MTL_ENABLE_DEBUG_INFO = YES;
				ONLY_ACTIVE_ARCH = YES;
				SDKROOT = iphoneos;
				SWIFT_ACTIVE_COMPILATION_CONDITIONS = DEBUG;
				SWIFT_OPTIMIZATION_LEVEL = "-Onone";
			};
			name = Debug;
		};
		FD1F86831F78245A004405EF /* Release */ = {
			isa = XCBuildConfiguration;
			buildSettings = {
				ALWAYS_SEARCH_USER_PATHS = NO;
				CLANG_ANALYZER_NONNULL = YES;
				CLANG_ANALYZER_NUMBER_OBJECT_CONVERSION = YES_AGGRESSIVE;
				CLANG_CXX_LANGUAGE_STANDARD = "gnu++0x";
				CLANG_CXX_LIBRARY = "libc++";
				CLANG_ENABLE_MODULES = YES;
				CLANG_ENABLE_OBJC_ARC = YES;
				CLANG_WARN_BOOL_CONVERSION = YES;
				CLANG_WARN_CONSTANT_CONVERSION = YES;
				CLANG_WARN_DIRECT_OBJC_ISA_USAGE = YES_ERROR;
				CLANG_WARN_DOCUMENTATION_COMMENTS = YES;
				CLANG_WARN_EMPTY_BODY = YES;
				CLANG_WARN_ENUM_CONVERSION = YES;
				CLANG_WARN_INFINITE_RECURSION = YES;
				CLANG_WARN_INT_CONVERSION = YES;
				CLANG_WARN_OBJC_ROOT_CLASS = YES_ERROR;
				CLANG_WARN_SUSPICIOUS_MOVE = YES;
				CLANG_WARN_UNREACHABLE_CODE = YES;
				CLANG_WARN__DUPLICATE_METHOD_MATCH = YES;
				"CODE_SIGN_IDENTITY[sdk=iphoneos*]" = "iPhone Developer";
				COPY_PHASE_STRIP = NO;
				DEBUG_INFORMATION_FORMAT = "dwarf-with-dsym";
				ENABLE_NS_ASSERTIONS = NO;
				ENABLE_STRICT_OBJC_MSGSEND = YES;
				GCC_C_LANGUAGE_STANDARD = gnu99;
				GCC_NO_COMMON_BLOCKS = YES;
				GCC_WARN_64_TO_32_BIT_CONVERSION = YES;
				GCC_WARN_ABOUT_RETURN_TYPE = YES_ERROR;
				GCC_WARN_UNDECLARED_SELECTOR = YES;
				GCC_WARN_UNINITIALIZED_AUTOS = YES_AGGRESSIVE;
				GCC_WARN_UNUSED_FUNCTION = YES;
				GCC_WARN_UNUSED_VARIABLE = YES;
				IPHONEOS_DEPLOYMENT_TARGET = 10.3;
				MTL_ENABLE_DEBUG_INFO = NO;
				SDKROOT = iphoneos;
				SWIFT_OPTIMIZATION_LEVEL = "-Owholemodule";
				VALIDATE_PRODUCT = YES;
			};
			name = Release;
		};
		FD1F86851F78245A004405EF /* Debug */ = {
			isa = XCBuildConfiguration;
			baseConfigurationReference = 5E5F1E916E0A7EED22335160 /* Pods-WeatherTest.debug.xcconfig */;
			buildSettings = {
				ASSETCATALOG_COMPILER_APPICON_NAME = AppIcon;
				DEVELOPMENT_TEAM = 262F459V52;
				INFOPLIST_FILE = WeatherTest/Info.plist;
				LD_RUNPATH_SEARCH_PATHS = "$(inherited) @executable_path/Frameworks";
				PRODUCT_BUNDLE_IDENTIFIER = jufy.WeatherTestRain;
				PRODUCT_NAME = "$(TARGET_NAME)";
				SWIFT_VERSION = 3.0;
			};
			name = Debug;
		};
		FD1F86861F78245A004405EF /* Release */ = {
			isa = XCBuildConfiguration;
			baseConfigurationReference = 1D88F8A14A45C511AE2CEE9C /* Pods-WeatherTest.release.xcconfig */;
			buildSettings = {
				ASSETCATALOG_COMPILER_APPICON_NAME = AppIcon;
				DEVELOPMENT_TEAM = 262F459V52;
				INFOPLIST_FILE = WeatherTest/Info.plist;
				LD_RUNPATH_SEARCH_PATHS = "$(inherited) @executable_path/Frameworks";
				PRODUCT_BUNDLE_IDENTIFIER = jufy.WeatherTestRain;
				PRODUCT_NAME = "$(TARGET_NAME)";
				SWIFT_VERSION = 3.0;
			};
			name = Release;
		};
/* End XCBuildConfiguration section */

/* Begin XCConfigurationList section */
		FD1F866D1F78245A004405EF /* Build configuration list for PBXProject "WeatherTest" */ = {
			isa = XCConfigurationList;
			buildConfigurations = (
				FD1F86821F78245A004405EF /* Debug */,
				FD1F86831F78245A004405EF /* Release */,
			);
			defaultConfigurationIsVisible = 0;
			defaultConfigurationName = Release;
		};
		FD1F86841F78245A004405EF /* Build configuration list for PBXNativeTarget "WeatherTest" */ = {
			isa = XCConfigurationList;
			buildConfigurations = (
				FD1F86851F78245A004405EF /* Debug */,
				FD1F86861F78245A004405EF /* Release */,
			);
			defaultConfigurationIsVisible = 0;
			defaultConfigurationName = Release;
		};
/* End XCConfigurationList section */
	};
	rootObject = FD1F866A1F78245A004405EF /* Project object */;
}
